
Microsoft Visual Studio Solution File, Format Version 12.00
# Visual Studio Version 16
VisualStudioVersion = 16.0.29613.14
MinimumVisualStudioVersion = 10.0.40219.1
Project("{9A19103F-16F7-4668-BE54-9A1E7A4F7556}") = "WebMVC", "WebMVC\WebMVC.csproj", "{FCADD3B2-2446-41D5-976C-D7E3EAB89F01}"
EndProject
Project("{9A19103F-16F7-4668-BE54-9A1E7A4F7556}") = "Services", "Services\Services.csproj", "{B4788449-658A-4FFD-BFA5-41C5BFB96B61}"
EndProject
Global
	GlobalSection(SolutionConfigurationPlatforms) = preSolution
		Debug|Any CPU = Debug|Any CPU
		Release|Any CPU = Release|Any CPU
	EndGlobalSection
	GlobalSection(ProjectConfigurationPlatforms) = postSolution
		{FCADD3B2-2446-41D5-976C-D7E3EAB89F01}.Debug|Any CPU.ActiveCfg = Debug|Any CPU
		{FCADD3B2-2446-41D5-976C-D7E3EAB89F01}.Debug|Any CPU.Build.0 = Debug|Any CPU
		{FCADD3B2-2446-41D5-976C-D7E3EAB89F01}.Release|Any CPU.ActiveCfg = Release|Any CPU
		{FCADD3B2-2446-41D5-976C-D7E3EAB89F01}.Release|Any CPU.Build.0 = Release|Any CPU
		{B4788449-658A-4FFD-BFA5-41C5BFB96B61}.Debug|Any CPU.ActiveCfg = Debug|Any CPU
		{B4788449-658A-4FFD-BFA5-41C5BFB96B61}.Debug|Any CPU.Build.0 = Debug|Any CPU
		{B4788449-658A-4FFD-BFA5-41C5BFB96B61}.Release|Any CPU.ActiveCfg = Release|Any CPU
		{B4788449-658A-4FFD-BFA5-41C5BFB96B61}.Release|Any CPU.Build.0 = Release|Any CPU
	EndGlobalSection
	GlobalSection(SolutionProperties) = preSolution
		HideSolutionNode = FALSE
	EndGlobalSection
	GlobalSection(ExtensibilityGlobals) = postSolution
		SolutionGuid = {CD5C6074-26AD-4A10-940F-4AFF5E8755A1}
	EndGlobalSection
EndGlobal
